
Microsoft Visual Studio Solution File, Format Version 12.00
# Visual Studio Version 17
VisualStudioVersion = 17.12.35707.178
MinimumVisualStudioVersion = 10.0.40219.1
Project("{9A19103F-16F7-4668-BE54-9A1E7A4F7556}") = "PTS_WEB", "ERP\PTS_WEB.csproj", "{3F74AD00-F4AF-4C29-BFD0-2DAC217C79AD}"
EndProject
Project("{2150E333-8FDC-42A3-9474-1A3956D46DE8}") = "Library", "Library", "{E94AE0E3-C053-454A-9399-D7EEDD2EC162}"
EndProject
Project("{FAE04EC0-301F-11D3-BF4B-00C04F79EFBC}") = "PTS_Services", "ERP_Services\PTS_Services.csproj", "{9DDFAD80-DD5C-4498-BAA8-32A52EC171B8}"
EndProject
Project("{FAE04EC0-301F-11D3-BF4B-00C04F79EFBC}") = "PTS_DAL", "ERP_DAL\PTS_DAL.csproj", "{4726A7E0-C17F-4945-9773-2AB7C95A9476}"
EndProject
Global
	GlobalSection(SolutionConfigurationPlatforms) = preSolution
		Debug|Any CPU = Debug|Any CPU
		Release|Any CPU = Release|Any CPU
	EndGlobalSection
	GlobalSection(ProjectConfigurationPlatforms) = postSolution
		{3F74AD00-F4AF-4C29-BFD0-2DAC217C79AD}.Debug|Any CPU.ActiveCfg = Debug|Any CPU
		{3F74AD00-F4AF-4C29-BFD0-2DAC217C79AD}.Debug|Any CPU.Build.0 = Debug|Any CPU
		{3F74AD00-F4AF-4C29-BFD0-2DAC217C79AD}.Release|Any CPU.ActiveCfg = Release|Any CPU
		{3F74AD00-F4AF-4C29-BFD0-2DAC217C79AD}.Release|Any CPU.Build.0 = Release|Any CPU
		{9DDFAD80-DD5C-4498-BAA8-32A52EC171B8}.Debug|Any CPU.ActiveCfg = Debug|Any CPU
		{9DDFAD80-DD5C-4498-BAA8-32A52EC171B8}.Debug|Any CPU.Build.0 = Debug|Any CPU
		{9DDFAD80-DD5C-4498-BAA8-32A52EC171B8}.Release|Any CPU.ActiveCfg = Release|Any CPU
		{9DDFAD80-DD5C-4498-BAA8-32A52EC171B8}.Release|Any CPU.Build.0 = Release|Any CPU
		{4726A7E0-C17F-4945-9773-2AB7C95A9476}.Debug|Any CPU.ActiveCfg = Debug|Any CPU
		{4726A7E0-C17F-4945-9773-2AB7C95A9476}.Debug|Any CPU.Build.0 = Debug|Any CPU
		{4726A7E0-C17F-4945-9773-2AB7C95A9476}.Release|Any CPU.ActiveCfg = Release|Any CPU
		{4726A7E0-C17F-4945-9773-2AB7C95A9476}.Release|Any CPU.Build.0 = Release|Any CPU
	EndGlobalSection
	GlobalSection(SolutionProperties) = preSolution
		HideSolutionNode = FALSE
	EndGlobalSection
	GlobalSection(NestedProjects) = preSolution
		{9DDFAD80-DD5C-4498-BAA8-32A52EC171B8} = {E94AE0E3-C053-454A-9399-D7EEDD2EC162}
		{4726A7E0-C17F-4945-9773-2AB7C95A9476} = {E94AE0E3-C053-454A-9399-D7EEDD2EC162}
	EndGlobalSection
	GlobalSection(ExtensibilityGlobals) = postSolution
		SolutionGuid = {DC4612A0-77E3-4E85-A5D0-7C6B15F9F771}
	EndGlobalSection
EndGlobal
